
Microsoft Visual Studio Solution File, Format Version 12.00
# Visual Studio 15
VisualStudioVersion = 15.0.27428.2005
MinimumVisualStudioVersion = 10.0.40219.1
Project("{FAE04EC0-301F-11D3-BF4B-00C04F79EFBC}") = "InventoryControlApplicationWEB", "InventoryControlApplicationWEB\InventoryControlApplicationWEB.csproj", "{3D399005-5502-4B9D-B5BA-08FCD42BB41D}"
EndProject
Global
	GlobalSection(SolutionConfigurationPlatforms) = preSolution
		Debug|Any CPU = Debug|Any CPU
		Release|Any CPU = Release|Any CPU
	EndGlobalSection
	GlobalSection(ProjectConfigurationPlatforms) = postSolution
		{3D399005-5502-4B9D-B5BA-08FCD42BB41D}.Debug|Any CPU.ActiveCfg = Debug|Any CPU
		{3D399005-5502-4B9D-B5BA-08FCD42BB41D}.Debug|Any CPU.Build.0 = Debug|Any CPU
		{3D399005-5502-4B9D-B5BA-08FCD42BB41D}.Release|Any CPU.ActiveCfg = Release|Any CPU
		{3D399005-5502-4B9D-B5BA-08FCD42BB41D}.Release|Any CPU.Build.0 = Release|Any CPU
	EndGlobalSection
	GlobalSection(SolutionProperties) = preSolution
		HideSolutionNode = FALSE
	EndGlobalSection
	GlobalSection(ExtensibilityGlobals) = postSolution
		SolutionGuid = {15C4C3E7-EC6A-4DE2-AA8D-279FF9D30B72}
	EndGlobalSection
EndGlobal
